<?xml version="1.0" encoding="UTF-8"?>
<CodeBlocks_project_file>
	<FileVersion major="1" minor="6"/>
	<Project>
		<Option title="Bomberman_Liam"/>
		<Option makefile_is_custom="1"/>
		<Option compiler="gcc"/>
		<Option virtualFolders="CMake Files\;"/>
		<Build>
			<Target title="all">
				<Option working_dir="/goinfre/lchimes/Bomberman_Liam"/>
				<Option type="4"/>
				<MakeCommands>
					<Build command="/usr/bin/make -f &quot;/goinfre/lchimes/Bomberman_Liam/Makefile&quot;  VERBOSE=1 all"/>
					<CompileFile command="/usr/bin/make -f &quot;/goinfre/lchimes/Bomberman_Liam/Makefile&quot;  VERBOSE=1 &quot;$file&quot;"/>
					<Clean command="/usr/bin/make -f &quot;/goinfre/lchimes/Bomberman_Liam/Makefile&quot;  VERBOSE=1 clean"/>
					<DistClean command="/usr/bin/make -f &quot;/goinfre/lchimes/Bomberman_Liam/Makefile&quot;  VERBOSE=1 clean"/>
				</MakeCommands>
			</Target>
			<Target title="rebuild_cache">
				<Option working_dir="/goinfre/lchimes/Bomberman_Liam"/>
				<Option type="4"/>
				<MakeCommands>
					<Build command="/usr/bin/make -f &quot;/goinfre/lchimes/Bomberman_Liam/Makefile&quot;  VERBOSE=1 rebuild_cache"/>
					<CompileFile command="/usr/bin/make -f &quot;/goinfre/lchimes/Bomberman_Liam/Makefile&quot;  VERBOSE=1 &quot;$file&quot;"/>
					<Clean command="/usr/bin/make -f &quot;/goinfre/lchimes/Bomberman_Liam/Makefile&quot;  VERBOSE=1 clean"/>
					<DistClean command="/usr/bin/make -f &quot;/goinfre/lchimes/Bomberman_Liam/Makefile&quot;  VERBOSE=1 clean"/>
				</MakeCommands>
			</Target>
			<Target title="edit_cache">
				<Option working_dir="/goinfre/lchimes/Bomberman_Liam"/>
				<Option type="4"/>
				<MakeCommands>
					<Build command="/usr/bin/make -f &quot;/goinfre/lchimes/Bomberman_Liam/Makefile&quot;  VERBOSE=1 edit_cache"/>
					<CompileFile command="/usr/bin/make -f &quot;/goinfre/lchimes/Bomberman_Liam/Makefile&quot;  VERBOSE=1 &quot;$file&quot;"/>
					<Clean command="/usr/bin/make -f &quot;/goinfre/lchimes/Bomberman_Liam/Makefile&quot;  VERBOSE=1 clean"/>
					<DistClean command="/usr/bin/make -f &quot;/goinfre/lchimes/Bomberman_Liam/Makefile&quot;  VERBOSE=1 clean"/>
				</MakeCommands>
			</Target>
			<Target title="Bomberman_Liam">
				<Option output="/goinfre/lchimes/Bomberman_Liam/Bomberman_Liam" prefix_auto="0" extension_auto="0"/>
				<Option working_dir="/goinfre/lchimes/Bomberman_Liam"/>
				<Option object_output="./"/>
				<Option type="1"/>
				<Option compiler="gcc"/>
				<Compiler>
					<Add directory="/goinfre/lchimes/Bomberman_Liam/include"/>
					<Add directory="/goinfre/lchimes/Bomberman_Liam/DEPENDANTS/nanogui/ext/glfw/include"/>
					<Add directory="/goinfre/lchimes/Bomberman_Liam/DEPENDANTS/nanogui/include"/>
					<Add directory="/goinfre/lchimes/Bomberman_Liam/DEPENDANTS/nanogui/ext/eigen"/>
					<Add directory="/goinfre/lchimes/Bomberman_Liam/DEPENDANTS/nanogui/ext/nanovg/src"/>
				</Compiler>
				<MakeCommands>
					<Build command="/usr/bin/make -f &quot;/goinfre/lchimes/Bomberman_Liam/Makefile&quot;  VERBOSE=1 Bomberman_Liam"/>
					<CompileFile command="/usr/bin/make -f &quot;/goinfre/lchimes/Bomberman_Liam/Makefile&quot;  VERBOSE=1 &quot;$file&quot;"/>
					<Clean command="/usr/bin/make -f &quot;/goinfre/lchimes/Bomberman_Liam/Makefile&quot;  VERBOSE=1 clean"/>
					<DistClean command="/usr/bin/make -f &quot;/goinfre/lchimes/Bomberman_Liam/Makefile&quot;  VERBOSE=1 clean"/>
				</MakeCommands>
			</Target>
			<Target title="Bomberman_Liam/fast">
				<Option output="/goinfre/lchimes/Bomberman_Liam/Bomberman_Liam" prefix_auto="0" extension_auto="0"/>
				<Option working_dir="/goinfre/lchimes/Bomberman_Liam"/>
				<Option object_output="./"/>
				<Option type="1"/>
				<Option compiler="gcc"/>
				<Compiler>
					<Add directory="/goinfre/lchimes/Bomberman_Liam/include"/>
					<Add directory="/goinfre/lchimes/Bomberman_Liam/DEPENDANTS/nanogui/ext/glfw/include"/>
					<Add directory="/goinfre/lchimes/Bomberman_Liam/DEPENDANTS/nanogui/include"/>
					<Add directory="/goinfre/lchimes/Bomberman_Liam/DEPENDANTS/nanogui/ext/eigen"/>
					<Add directory="/goinfre/lchimes/Bomberman_Liam/DEPENDANTS/nanogui/ext/nanovg/src"/>
				</Compiler>
				<MakeCommands>
					<Build command="/usr/bin/make -f &quot;/goinfre/lchimes/Bomberman_Liam/Makefile&quot;  VERBOSE=1 Bomberman_Liam/fast"/>
					<CompileFile command="/usr/bin/make -f &quot;/goinfre/lchimes/Bomberman_Liam/Makefile&quot;  VERBOSE=1 &quot;$file&quot;"/>
					<Clean command="/usr/bin/make -f &quot;/goinfre/lchimes/Bomberman_Liam/Makefile&quot;  VERBOSE=1 clean"/>
					<DistClean command="/usr/bin/make -f &quot;/goinfre/lchimes/Bomberman_Liam/Makefile&quot;  VERBOSE=1 clean"/>
				</MakeCommands>
			</Target>
		</Build>
		<Unit filename="/goinfre/lchimes/Bomberman_Liam/include/Bomb.hpp">
			<Option target="Bomberman_Liam"/>
		</Unit>
		<Unit filename="/goinfre/lchimes/Bomberman_Liam/include/Box.hpp">
			<Option target="Bomberman_Liam"/>
		</Unit>
		<Unit filename="/goinfre/lchimes/Bomberman_Liam/include/BreakableBox.hpp">
			<Option target="Bomberman_Liam"/>
		</Unit>
		<Unit filename="/goinfre/lchimes/Bomberman_Liam/include/Character.hpp">
			<Option target="Bomberman_Liam"/>
		</Unit>
		<Unit filename="/goinfre/lchimes/Bomberman_Liam/include/Core.hpp">
			<Option target="Bomberman_Liam"/>
		</Unit>
		<Unit filename="/goinfre/lchimes/Bomberman_Liam/include/Drop.hpp">
			<Option target="Bomberman_Liam"/>
		</Unit>
		<Unit filename="/goinfre/lchimes/Bomberman_Liam/include/EnemyDrop.hpp">
			<Option target="Bomberman_Liam"/>
		</Unit>
		<Unit filename="/goinfre/lchimes/Bomberman_Liam/include/Exceptions.hpp">
			<Option target="Bomberman_Liam"/>
		</Unit>
		<Unit filename="/goinfre/lchimes/Bomberman_Liam/include/ExtraBomb.hpp">
			<Option target="Bomberman_Liam"/>
		</Unit>
		<Unit filename="/goinfre/lchimes/Bomberman_Liam/include/Game.hpp">
			<Option target="Bomberman_Liam"/>
		</Unit>
		<Unit filename="/goinfre/lchimes/Bomberman_Liam/include/GraphicsHandler.hpp">
			<Option target="Bomberman_Liam"/>
		</Unit>
		<Unit filename="/goinfre/lchimes/Bomberman_Liam/include/GraphicsInterface.hpp">
			<Option target="Bomberman_Liam"/>
		</Unit>
		<Unit filename="/goinfre/lchimes/Bomberman_Liam/include/LevelHatch.hpp">
			<Option target="Bomberman_Liam"/>
		</Unit>
		<Unit filename="/goinfre/lchimes/Bomberman_Liam/include/Player.hpp">
			<Option target="Bomberman_Liam"/>
		</Unit>
		<Unit filename="/goinfre/lchimes/Bomberman_Liam/include/RangeExtender.hpp">
			<Option target="Bomberman_Liam"/>
		</Unit>
		<Unit filename="/goinfre/lchimes/Bomberman_Liam/include/RemoteDetonator.hpp">
			<Option target="Bomberman_Liam"/>
		</Unit>
		<Unit filename="/goinfre/lchimes/Bomberman_Liam/include/Settings.hpp">
			<Option target="Bomberman_Liam"/>
		</Unit>
		<Unit filename="/goinfre/lchimes/Bomberman_Liam/include/UnbreakableBox.hpp">
			<Option target="Bomberman_Liam"/>
		</Unit>
		<Unit filename="/goinfre/lchimes/Bomberman_Liam/include/header.hpp">
			<Option target="Bomberman_Liam"/>
		</Unit>
		<Unit filename="/goinfre/lchimes/Bomberman_Liam/src/Bomb.cpp">
			<Option target="Bomberman_Liam"/>
		</Unit>
		<Unit filename="/goinfre/lchimes/Bomberman_Liam/src/Box.cpp">
			<Option target="Bomberman_Liam"/>
		</Unit>
		<Unit filename="/goinfre/lchimes/Bomberman_Liam/src/BreakableBox.cpp">
			<Option target="Bomberman_Liam"/>
		</Unit>
		<Unit filename="/goinfre/lchimes/Bomberman_Liam/src/Character.cpp">
			<Option target="Bomberman_Liam"/>
		</Unit>
		<Unit filename="/goinfre/lchimes/Bomberman_Liam/src/Core.cpp">
			<Option target="Bomberman_Liam"/>
		</Unit>
		<Unit filename="/goinfre/lchimes/Bomberman_Liam/src/Drop.cpp">
			<Option target="Bomberman_Liam"/>
		</Unit>
		<Unit filename="/goinfre/lchimes/Bomberman_Liam/src/EnemyDrop.cpp">
			<Option target="Bomberman_Liam"/>
		</Unit>
		<Unit filename="/goinfre/lchimes/Bomberman_Liam/src/Exceptions.cpp">
			<Option target="Bomberman_Liam"/>
		</Unit>
		<Unit filename="/goinfre/lchimes/Bomberman_Liam/src/ExtraBomb.cpp">
			<Option target="Bomberman_Liam"/>
		</Unit>
		<Unit filename="/goinfre/lchimes/Bomberman_Liam/src/Game.cpp">
			<Option target="Bomberman_Liam"/>
		</Unit>
		<Unit filename="/goinfre/lchimes/Bomberman_Liam/src/GraphicsHandler.cpp">
			<Option target="Bomberman_Liam"/>
		</Unit>
		<Unit filename="/goinfre/lchimes/Bomberman_Liam/src/LevelHatch.cpp">
			<Option target="Bomberman_Liam"/>
		</Unit>
		<Unit filename="/goinfre/lchimes/Bomberman_Liam/src/Player.cpp">
			<Option target="Bomberman_Liam"/>
		</Unit>
		<Unit filename="/goinfre/lchimes/Bomberman_Liam/src/RangeExtender.cpp">
			<Option target="Bomberman_Liam"/>
		</Unit>
		<Unit filename="/goinfre/lchimes/Bomberman_Liam/src/RemoteDetonator.cpp">
			<Option target="Bomberman_Liam"/>
		</Unit>
		<Unit filename="/goinfre/lchimes/Bomberman_Liam/src/Settings.cpp">
			<Option target="Bomberman_Liam"/>
		</Unit>
		<Unit filename="/goinfre/lchimes/Bomberman_Liam/src/UnbreakableBox.cpp">
			<Option target="Bomberman_Liam"/>
		</Unit>
		<Unit filename="/goinfre/lchimes/Bomberman_Liam/src/main.cpp">
			<Option target="Bomberman_Liam"/>
		</Unit>
		<Unit filename="/goinfre/lchimes/Bomberman_Liam/CMakeLists.txt">
			<Option virtualFolder="CMake Files\"/>
		</Unit>
	</Project>
</CodeBlocks_project_file>
